version = 2

[[suite]]
name = "multi-self-async"
revision = 1
suite_digest = "c44ca594b2e5a7dc3695741014529021"
frozen_at = "2026-08-20T17:25:04.998132Z"
gptnt_version = "1.0.1.dev47+23b58e1f"
git_sha = "23b58e1f7cbb5e33acc0518484a7d8af2c315829"
mission_keys = ["1028|1|Keypad,Maze,Password,WireSequence", "110|1|Keypad,Maze,Wires", "286|1|Memory,Password,WhosOnFirst", "337|1|BigButton,Simon,Venn", "412|1|Keypad,Simon,WhosOnFirst", "526|1|Maze,Memory,Wires", "619|1|BigButton,Memory,WhosOnFirst", "798|1|BigButton,Keypad,Memory,Wires", "851|1|Keypad,Simon,WhosOnFirst,Wires", "990|1|Morse,Venn,WhosOnFirst,Wires"]

[suite.config]
name = "multi-self-async"
revision = 1
modality = ["language", "vision"]
missions_path = "configs/missions/multiple_module_n"

[suite.config.defuser_protocol]
role = "defuser"
communication_style = "async"
is_playing_alone = false
include_manual = false
receive_feedback_after_action = false
allow_magic_actions = false
allow_lottery_actions = false
allow_message_output = true

[suite.config.expert_protocol]
role = "expert"
communication_style = "async"
is_playing_alone = false
include_manual = true
receive_feedback_after_action = false
allow_magic_actions = false
allow_lottery_actions = false
allow_message_output = true

[suite.config.matchup]
pairing_type = "with_self"

[suite.config.manual_profile]
include_frontmatter = false

[[suite.config.manual_profile.documents]]
source = "ktanecontent"
id = "Wires"
language = "en"

[[suite.config.manual_profile.documents]]
source = "ktanecontent"
id = "BigButton"
language = "en"

[[suite.config.manual_profile.documents]]
source = "ktanecontent"
id = "Keypad"
language = "en"

[[suite.config.manual_profile.documents]]
source = "ktanecontent"
id = "Simon"
language = "en"

[[suite.config.manual_profile.documents]]
source = "ktanecontent"
id = "WhosOnFirst"
language = "en"

[[suite.config.manual_profile.documents]]
source = "ktanecontent"
id = "Memory"
language = "en"

[[suite.config.manual_profile.documents]]
source = "ktanecontent"
id = "Morse"
language = "en"

[[suite.config.manual_profile.documents]]
source = "ktanecontent"
id = "Venn"
language = "en"

[[suite.config.manual_profile.documents]]
source = "ktanecontent"
id = "WireSequence"
language = "en"

[[suite.config.manual_profile.documents]]
source = "ktanecontent"
id = "Maze"
language = "en"

[[suite.config.manual_profile.documents]]
source = "ktanecontent"
id = "Password"
language = "en"

[[suite.config.manual_profile.documents]]
source = "ktanecontent"
id = "IndicatorWidget"
language = "en"

[[suite.config.manual_profile.documents]]
source = "ktanecontent"
id = "BatteryWidget"
language = "en"

[[suite.config.manual_profile.documents]]
source = "ktanecontent"
id = "PortWidget"
language = "en"

[[suite]]
name = "multi-self-sync"
revision = 1
suite_digest = "2ce9a8dd8635f6c75109dfb924c8df80"
frozen_at = "2026-08-20T17:25:04.998132Z"
gptnt_version = "1.0.1.dev47+23b58e1f"
git_sha = "23b58e1f7cbb5e33acc0518484a7d8af2c315829"
mission_keys = ["1028|1|Keypad,Maze,Password,WireSequence", "110|1|Keypad,Maze,Wires", "286|1|Memory,Password,WhosOnFirst", "337|1|BigButton,Simon,Venn", "412|1|Keypad,Simon,WhosOnFirst", "526|1|Maze,Memory,Wires", "619|1|BigButton,Memory,WhosOnFirst", "798|1|BigButton,Keypad,Memory,Wires", "851|1|Keypad,Simon,WhosOnFirst,Wires", "990|1|Morse,Venn,WhosOnFirst,Wires"]

[suite.config]
name = "multi-self-sync"
revision = 1
modality = ["language", "vision"]
missions_path = "configs/missions/multiple_module_n"

[suite.config.defuser_protocol]
role = "defuser"
communication_style = "sync"
is_playing_alone = false
include_manual = false
receive_feedback_after_action = false
allow_magic_actions = false
allow_lottery_actions = false
allow_message_output = true

[suite.config.expert_protocol]
role = "expert"
communication_style = "sync"
is_playing_alone = false
include_manual = true
receive_feedback_after_action = false
allow_magic_actions = false
allow_lottery_actions = false
allow_message_output = true

[suite.config.matchup]
pairing_type = "with_self"

[suite.config.manual_profile]
include_frontmatter = false

[[suite.config.manual_profile.documents]]
source = "ktanecontent"
id = "Wires"
language = "en"

[[suite.config.manual_profile.documents]]
source = "ktanecontent"
id = "BigButton"
language = "en"

[[suite.config.manual_profile.documents]]
source = "ktanecontent"
id = "Keypad"
language = "en"

[[suite.config.manual_profile.documents]]
source = "ktanecontent"
id = "Simon"
language = "en"

[[suite.config.manual_profile.documents]]
source = "ktanecontent"
id = "WhosOnFirst"
language = "en"

[[suite.config.manual_profile.documents]]
source = "ktanecontent"
id = "Memory"
language = "en"

[[suite.config.manual_profile.documents]]
source = "ktanecontent"
id = "Morse"
language = "en"

[[suite.config.manual_profile.documents]]
source = "ktanecontent"
id = "Venn"
language = "en"

[[suite.config.manual_profile.documents]]
source = "ktanecontent"
id = "WireSequence"
language = "en"

[[suite.config.manual_profile.documents]]
source = "ktanecontent"
id = "Maze"
language = "en"

[[suite.config.manual_profile.documents]]
source = "ktanecontent"
id = "Password"
language = "en"

[[suite.config.manual_profile.documents]]
source = "ktanecontent"
id = "IndicatorWidget"
language = "en"

[[suite.config.manual_profile.documents]]
source = "ktanecontent"
id = "BatteryWidget"
language = "en"

[[suite.config.manual_profile.documents]]
source = "ktanecontent"
id = "PortWidget"
language = "en"

[[suite]]
name = "single-pairwise-sync"
revision = 1
suite_digest = "b36dafc5241e27a25660757b96cc3d2f"
frozen_at = "2026-08-20T17:25:04.998132Z"
gptnt_version = "1.0.1.dev47+23b58e1f"
git_sha = "23b58e1f7cbb5e33acc0518484a7d8af2c315829"
mission_keys = ["234|1|BigButton", "234|1|Keypad", "234|1|Maze", "234|1|Memory", "234|1|Morse", "234|1|Password", "234|1|Simon", "234|1|Venn", "234|1|WhosOnFirst", "234|1|WireSequence", "234|1|Wires", "286|1|BigButton", "286|1|Keypad", "286|1|Maze", "286|1|Memory", "286|1|Morse", "286|1|Password", "286|1|Simon", "286|1|Venn", "286|1|WhosOnFirst", "286|1|WireSequence", "286|1|Wires", "337|1|BigButton", "337|1|Keypad", "337|1|Maze", "337|1|Memory", "337|1|Morse", "337|1|Password", "337|1|Simon", "337|1|Venn", "337|1|WhosOnFirst", "337|1|WireSequence", "337|1|Wires", "561|1|BigButton", "561|1|Keypad", "561|1|Maze", "561|1|Memory", "561|1|Morse", "561|1|Password", "561|1|Simon", "561|1|Venn", "561|1|WhosOnFirst", "561|1|WireSequence", "561|1|Wires", "563|1|BigButton", "563|1|Keypad", "563|1|Maze", "563|1|Memory", "563|1|Morse", "563|1|Password", "563|1|Simon", "563|1|Venn", "563|1|WhosOnFirst", "563|1|WireSequence", "563|1|Wires", "798|1|BigButton", "798|1|Keypad", "798|1|Maze", "798|1|Memory", "798|1|Morse", "798|1|Password", "798|1|Simon", "798|1|Venn", "798|1|WhosOnFirst", "798|1|WireSequence", "798|1|Wires", "813|1|BigButton", "813|1|Keypad", "813|1|Maze", "813|1|Memory", "813|1|Morse", "813|1|Password", "813|1|Simon", "813|1|Venn", "813|1|WhosOnFirst", "813|1|WireSequence", "813|1|Wires", "845|1|BigButton", "845|1|Keypad", "845|1|Maze", "845|1|Memory", "845|1|Morse", "845|1|Password", "845|1|Simon", "845|1|Venn", "845|1|WhosOnFirst", "845|1|WireSequence", "845|1|Wires", "849|1|BigButton", "849|1|Keypad", "849|1|Maze", "849|1|Memory", "849|1|Morse", "849|1|Password", "849|1|Simon", "849|1|Venn", "849|1|WhosOnFirst", "849|1|WireSequence", "849|1|Wires", "960|1|BigButton", "960|1|Keypad", "960|1|Maze", "960|1|Memory", "960|1|Morse", "960|1|Password", "960|1|Simon", "960|1|Venn", "960|1|WhosOnFirst", "960|1|WireSequence", "960|1|Wires"]

[suite.config]
name = "single-pairwise-sync"
revision = 1
modality = ["language", "vision"]
missions_path = "configs/missions/single_module"

[suite.config.defuser_protocol]
role = "defuser"
communication_style = "sync"
is_playing_alone = false
include_manual = false
receive_feedback_after_action = false
allow_magic_actions = false
allow_lottery_actions = false
allow_message_output = true

[suite.config.expert_protocol]
role = "expert"
communication_style = "sync"
is_playing_alone = false
include_manual = true
receive_feedback_after_action = false
allow_magic_actions = false
allow_lottery_actions = false
allow_message_output = true

[suite.config.matchup]
pairing_type = "pairwise"

[suite.config.manual_profile]
include_frontmatter = false

[[suite.config.manual_profile.documents]]
source = "ktanecontent"
id = "Wires"
language = "en"

[[suite.config.manual_profile.documents]]
source = "ktanecontent"
id = "BigButton"
language = "en"

[[suite.config.manual_profile.documents]]
source = "ktanecontent"
id = "Keypad"
language = "en"

[[suite.config.manual_profile.documents]]
source = "ktanecontent"
id = "Simon"
language = "en"

[[suite.config.manual_profile.documents]]
source = "ktanecontent"
id = "WhosOnFirst"
language = "en"

[[suite.config.manual_profile.documents]]
source = "ktanecontent"
id = "Memory"
language = "en"

[[suite.config.manual_profile.documents]]
source = "ktanecontent"
id = "Morse"
language = "en"

[[suite.config.manual_profile.documents]]
source = "ktanecontent"
id = "Venn"
language = "en"

[[suite.config.manual_profile.documents]]
source = "ktanecontent"
id = "WireSequence"
language = "en"

[[suite.config.manual_profile.documents]]
source = "ktanecontent"
id = "Maze"
language = "en"

[[suite.config.manual_profile.documents]]
source = "ktanecontent"
id = "Password"
language = "en"

[[suite.config.manual_profile.documents]]
source = "ktanecontent"
id = "IndicatorWidget"
language = "en"

[[suite.config.manual_profile.documents]]
source = "ktanecontent"
id = "BatteryWidget"
language = "en"

[[suite.config.manual_profile.documents]]
source = "ktanecontent"
id = "PortWidget"
language = "en"

[[suite]]
name = "single-parametric-sync"
revision = 1
suite_digest = "269d1eb53e973946f42d7489689cb950"
frozen_at = "2026-08-20T17:25:04.998132Z"
gptnt_version = "1.0.1.dev47+23b58e1f"
git_sha = "23b58e1f7cbb5e33acc0518484a7d8af2c315829"
mission_keys = ["234|1|BigButton", "234|1|Keypad", "234|1|Maze", "234|1|Memory", "234|1|Morse", "234|1|Password", "234|1|Simon", "234|1|Venn", "234|1|WhosOnFirst", "234|1|WireSequence", "234|1|Wires", "286|1|BigButton", "286|1|Keypad", "286|1|Maze", "286|1|Memory", "286|1|Morse", "286|1|Password", "286|1|Simon", "286|1|Venn", "286|1|WhosOnFirst", "286|1|WireSequence", "286|1|Wires", "337|1|BigButton", "337|1|Keypad", "337|1|Maze", "337|1|Memory", "337|1|Morse", "337|1|Password", "337|1|Simon", "337|1|Venn", "337|1|WhosOnFirst", "337|1|WireSequence", "337|1|Wires", "561|1|BigButton", "561|1|Keypad", "561|1|Maze", "561|1|Memory", "561|1|Morse", "561|1|Password", "561|1|Simon", "561|1|Venn", "561|1|WhosOnFirst", "561|1|WireSequence", "561|1|Wires", "563|1|BigButton", "563|1|Keypad", "563|1|Maze", "563|1|Memory", "563|1|Morse", "563|1|Password", "563|1|Simon", "563|1|Venn", "563|1|WhosOnFirst", "563|1|WireSequence", "563|1|Wires", "798|1|BigButton", "798|1|Keypad", "798|1|Maze", "798|1|Memory", "798|1|Morse", "798|1|Password", "798|1|Simon", "798|1|Venn", "798|1|WhosOnFirst", "798|1|WireSequence", "798|1|Wires", "813|1|BigButton", "813|1|Keypad", "813|1|Maze", "813|1|Memory", "813|1|Morse", "813|1|Password", "813|1|Simon", "813|1|Venn", "813|1|WhosOnFirst", "813|1|WireSequence", "813|1|Wires", "845|1|BigButton", "845|1|Keypad", "845|1|Maze", "845|1|Memory", "845|1|Morse", "845|1|Password", "845|1|Simon", "845|1|Venn", "845|1|WhosOnFirst", "845|1|WireSequence", "845|1|Wires", "849|1|BigButton", "849|1|Keypad", "849|1|Maze", "849|1|Memory", "849|1|Morse", "849|1|Password", "849|1|Simon", "849|1|Venn", "849|1|WhosOnFirst", "849|1|WireSequence", "849|1|Wires", "960|1|BigButton", "960|1|Keypad", "960|1|Maze", "960|1|Memory", "960|1|Morse", "960|1|Password", "960|1|Simon", "960|1|Venn", "960|1|WhosOnFirst", "960|1|WireSequence", "960|1|Wires"]

[suite.config]
name = "single-parametric-sync"
revision = 1
modality = ["language", "vision"]
missions_path = "configs/missions/single_module"

[suite.config.defuser_protocol]
role = "defuser"
communication_style = "sync"
is_playing_alone = true
include_manual = false
receive_feedback_after_action = false
allow_magic_actions = false
allow_lottery_actions = false
allow_message_output = false

[suite.config.matchup]
pairing_type = "no_expert"

[suite.config.manual_profile]
include_frontmatter = false

[[suite.config.manual_profile.documents]]
source = "ktanecontent"
id = "Wires"
language = "en"

[[suite.config.manual_profile.documents]]
source = "ktanecontent"
id = "BigButton"
language = "en"

[[suite.config.manual_profile.documents]]
source = "ktanecontent"
id = "Keypad"
language = "en"

[[suite.config.manual_profile.documents]]
source = "ktanecontent"
id = "Simon"
language = "en"

[[suite.config.manual_profile.documents]]
source = "ktanecontent"
id = "WhosOnFirst"
language = "en"

[[suite.config.manual_profile.documents]]
source = "ktanecontent"
id = "Memory"
language = "en"

[[suite.config.manual_profile.documents]]
source = "ktanecontent"
id = "Morse"
language = "en"

[[suite.config.manual_profile.documents]]
source = "ktanecontent"
id = "Venn"
language = "en"

[[suite.config.manual_profile.documents]]
source = "ktanecontent"
id = "WireSequence"
language = "en"

[[suite.config.manual_profile.documents]]
source = "ktanecontent"
id = "Maze"
language = "en"

[[suite.config.manual_profile.documents]]
source = "ktanecontent"
id = "Password"
language = "en"

[[suite.config.manual_profile.documents]]
source = "ktanecontent"
id = "IndicatorWidget"
language = "en"

[[suite.config.manual_profile.documents]]
source = "ktanecontent"
id = "BatteryWidget"
language = "en"

[[suite.config.manual_profile.documents]]
source = "ktanecontent"
id = "PortWidget"
language = "en"

[[suite]]
name = "single-self-async"
revision = 1
suite_digest = "c434fb99784acaa5b83dc73bf5f9dc68"
frozen_at = "2026-08-20T17:25:04.998132Z"
gptnt_version = "1.0.1.dev47+23b58e1f"
git_sha = "23b58e1f7cbb5e33acc0518484a7d8af2c315829"
mission_keys = ["234|1|BigButton", "234|1|Keypad", "234|1|Maze", "234|1|Memory", "234|1|Morse", "234|1|Password", "234|1|Simon", "234|1|Venn", "234|1|WhosOnFirst", "234|1|WireSequence", "234|1|Wires", "286|1|BigButton", "286|1|Keypad", "286|1|Maze", "286|1|Memory", "286|1|Morse", "286|1|Password", "286|1|Simon", "286|1|Venn", "286|1|WhosOnFirst", "286|1|WireSequence", "286|1|Wires", "337|1|BigButton", "337|1|Keypad", "337|1|Maze", "337|1|Memory", "337|1|Morse", "337|1|Password", "337|1|Simon", "337|1|Venn", "337|1|WhosOnFirst", "337|1|WireSequence", "337|1|Wires", "561|1|BigButton", "561|1|Keypad", "561|1|Maze", "561|1|Memory", "561|1|Morse", "561|1|Password", "561|1|Simon", "561|1|Venn", "561|1|WhosOnFirst", "561|1|WireSequence", "561|1|Wires", "563|1|BigButton", "563|1|Keypad", "563|1|Maze", "563|1|Memory", "563|1|Morse", "563|1|Password", "563|1|Simon", "563|1|Venn", "563|1|WhosOnFirst", "563|1|WireSequence", "563|1|Wires", "798|1|BigButton", "798|1|Keypad", "798|1|Maze", "798|1|Memory", "798|1|Morse", "798|1|Password", "798|1|Simon", "798|1|Venn", "798|1|WhosOnFirst", "798|1|WireSequence", "798|1|Wires", "813|1|BigButton", "813|1|Keypad", "813|1|Maze", "813|1|Memory", "813|1|Morse", "813|1|Password", "813|1|Simon", "813|1|Venn", "813|1|WhosOnFirst", "813|1|WireSequence", "813|1|Wires", "845|1|BigButton", "845|1|Keypad", "845|1|Maze", "845|1|Memory", "845|1|Morse", "845|1|Password", "845|1|Simon", "845|1|Venn", "845|1|WhosOnFirst", "845|1|WireSequence", "845|1|Wires", "849|1|BigButton", "849|1|Keypad", "849|1|Maze", "849|1|Memory", "849|1|Morse", "849|1|Password", "849|1|Simon", "849|1|Venn", "849|1|WhosOnFirst", "849|1|WireSequence", "849|1|Wires", "960|1|BigButton", "960|1|Keypad", "960|1|Maze", "960|1|Memory", "960|1|Morse", "960|1|Password", "960|1|Simon", "960|1|Venn", "960|1|WhosOnFirst", "960|1|WireSequence", "960|1|Wires"]

[suite.config]
name = "single-self-async"
revision = 1
modality = ["language", "vision"]
missions_path = "configs/missions/single_module"

[suite.config.defuser_protocol]
role = "defuser"
communication_style = "async"
is_playing_alone = false
include_manual = false
receive_feedback_after_action = false
allow_magic_actions = false
allow_lottery_actions = false
allow_message_output = true

[suite.config.expert_protocol]
role = "expert"
communication_style = "async"
is_playing_alone = false
include_manual = true
receive_feedback_after_action = false
allow_magic_actions = false
allow_lottery_actions = false
allow_message_output = true

[suite.config.matchup]
pairing_type = "with_self"

[suite.config.manual_profile]
include_frontmatter = false

[[suite.config.manual_profile.documents]]
source = "ktanecontent"
id = "Wires"
language = "en"

[[suite.config.manual_profile.documents]]
source = "ktanecontent"
id = "BigButton"
language = "en"

[[suite.config.manual_profile.documents]]
source = "ktanecontent"
id = "Keypad"
language = "en"

[[suite.config.manual_profile.documents]]
source = "ktanecontent"
id = "Simon"
language = "en"

[[suite.config.manual_profile.documents]]
source = "ktanecontent"
id = "WhosOnFirst"
language = "en"

[[suite.config.manual_profile.documents]]
source = "ktanecontent"
id = "Memory"
language = "en"

[[suite.config.manual_profile.documents]]
source = "ktanecontent"
id = "Morse"
language = "en"

[[suite.config.manual_profile.documents]]
source = "ktanecontent"
id = "Venn"
language = "en"

[[suite.config.manual_profile.documents]]
source = "ktanecontent"
id = "WireSequence"
language = "en"

[[suite.config.manual_profile.documents]]
source = "ktanecontent"
id = "Maze"
language = "en"

[[suite.config.manual_profile.documents]]
source = "ktanecontent"
id = "Password"
language = "en"

[[suite.config.manual_profile.documents]]
source = "ktanecontent"
id = "IndicatorWidget"
language = "en"

[[suite.config.manual_profile.documents]]
source = "ktanecontent"
id = "BatteryWidget"
language = "en"

[[suite.config.manual_profile.documents]]
source = "ktanecontent"
id = "PortWidget"
language = "en"

[[suite]]
name = "single-solo-player-sync"
revision = 1
suite_digest = "cd8d0f434673435dda9c9a3840e309b9"
frozen_at = "2026-08-20T17:25:04.998132Z"
gptnt_version = "1.0.1.dev47+23b58e1f"
git_sha = "23b58e1f7cbb5e33acc0518484a7d8af2c315829"
mission_keys = ["234|1|BigButton", "234|1|Keypad", "234|1|Maze", "234|1|Memory", "234|1|Morse", "234|1|Password", "234|1|Simon", "234|1|Venn", "234|1|WhosOnFirst", "234|1|WireSequence", "234|1|Wires", "286|1|BigButton", "286|1|Keypad", "286|1|Maze", "286|1|Memory", "286|1|Morse", "286|1|Password", "286|1|Simon", "286|1|Venn", "286|1|WhosOnFirst", "286|1|WireSequence", "286|1|Wires", "337|1|BigButton", "337|1|Keypad", "337|1|Maze", "337|1|Memory", "337|1|Morse", "337|1|Password", "337|1|Simon", "337|1|Venn", "337|1|WhosOnFirst", "337|1|WireSequence", "337|1|Wires", "561|1|BigButton", "561|1|Keypad", "561|1|Maze", "561|1|Memory", "561|1|Morse", "561|1|Password", "561|1|Simon", "561|1|Venn", "561|1|WhosOnFirst", "561|1|WireSequence", "561|1|Wires", "563|1|BigButton", "563|1|Keypad", "563|1|Maze", "563|1|Memory", "563|1|Morse", "563|1|Password", "563|1|Simon", "563|1|Venn", "563|1|WhosOnFirst", "563|1|WireSequence", "563|1|Wires", "798|1|BigButton", "798|1|Keypad", "798|1|Maze", "798|1|Memory", "798|1|Morse", "798|1|Password", "798|1|Simon", "798|1|Venn", "798|1|WhosOnFirst", "798|1|WireSequence", "798|1|Wires", "813|1|BigButton", "813|1|Keypad", "813|1|Maze", "813|1|Memory", "813|1|Morse", "813|1|Password", "813|1|Simon", "813|1|Venn", "813|1|WhosOnFirst", "813|1|WireSequence", "813|1|Wires", "845|1|BigButton", "845|1|Keypad", "845|1|Maze", "845|1|Memory", "845|1|Morse", "845|1|Password", "845|1|Simon", "845|1|Venn", "845|1|WhosOnFirst", "845|1|WireSequence", "845|1|Wires", "849|1|BigButton", "849|1|Keypad", "849|1|Maze", "849|1|Memory", "849|1|Morse", "849|1|Password", "849|1|Simon", "849|1|Venn", "849|1|WhosOnFirst", "849|1|WireSequence", "849|1|Wires", "960|1|BigButton", "960|1|Keypad", "960|1|Maze", "960|1|Memory", "960|1|Morse", "960|1|Password", "960|1|Simon", "960|1|Venn", "960|1|WhosOnFirst", "960|1|WireSequence", "960|1|Wires"]

[suite.config]
name = "single-solo-player-sync"
revision = 1
modality = ["language", "vision"]
missions_path = "configs/missions/single_module"

[suite.config.defuser_protocol]
role = "defuser"
communication_style = "sync"
is_playing_alone = true
include_manual = true
receive_feedback_after_action = false
allow_magic_actions = false
allow_lottery_actions = false
allow_message_output = false

[suite.config.matchup]
pairing_type = "no_expert"

[suite.config.manual_profile]
include_frontmatter = false

[[suite.config.manual_profile.documents]]
source = "ktanecontent"
id = "Wires"
language = "en"

[[suite.config.manual_profile.documents]]
source = "ktanecontent"
id = "BigButton"
language = "en"

[[suite.config.manual_profile.documents]]
source = "ktanecontent"
id = "Keypad"
language = "en"

[[suite.config.manual_profile.documents]]
source = "ktanecontent"
id = "Simon"
language = "en"

[[suite.config.manual_profile.documents]]
source = "ktanecontent"
id = "WhosOnFirst"
language = "en"

[[suite.config.manual_profile.documents]]
source = "ktanecontent"
id = "Memory"
language = "en"

[[suite.config.manual_profile.documents]]
source = "ktanecontent"
id = "Morse"
language = "en"

[[suite.config.manual_profile.documents]]
source = "ktanecontent"
id = "Venn"
language = "en"

[[suite.config.manual_profile.documents]]
source = "ktanecontent"
id = "WireSequence"
language = "en"

[[suite.config.manual_profile.documents]]
source = "ktanecontent"
id = "Maze"
language = "en"

[[suite.config.manual_profile.documents]]
source = "ktanecontent"
id = "Password"
language = "en"

[[suite.config.manual_profile.documents]]
source = "ktanecontent"
id = "IndicatorWidget"
language = "en"

[[suite.config.manual_profile.documents]]
source = "ktanecontent"
id = "BatteryWidget"
language = "en"

[[suite.config.manual_profile.documents]]
source = "ktanecontent"
id = "PortWidget"
language = "en"

[[mission]]
mission_key = "1028|1|Keypad,Maze,Password,WireSequence"

[mission.spec]
seed = 1028
ruleSeed = 1
timeLimit = 300
numStrikes = 3
components = ["Keypad", "Maze", "Password", "WireSequence"]
optWidgets = 5
needyTime = 60
isFront = false
timeScale = 1.0
timeStepSize = 3000

[[mission]]
mission_key = "110|1|Keypad,Maze,Wires"

[mission.spec]
seed = 110
ruleSeed = 1
timeLimit = 300
numStrikes = 3
components = ["Keypad", "Wires", "Maze"]
optWidgets = 5
needyTime = 60
isFront = false
timeScale = 1.0
timeStepSize = 3000

[[mission]]
mission_key = "234|1|BigButton"

[mission.spec]
seed = 234
ruleSeed = 1
timeLimit = 144
numStrikes = 3
components = ["BigButton"]
optWidgets = 3
needyTime = 60
isFront = true
timeScale = 1.0
timeStepSize = 3000

[[mission]]
mission_key = "234|1|Keypad"

[mission.spec]
seed = 234
ruleSeed = 1
timeLimit = 90
numStrikes = 3
components = ["Keypad"]
optWidgets = 5
needyTime = 60
isFront = true
timeScale = 1.0
timeStepSize = 3000

[[mission]]
mission_key = "234|1|Maze"

[mission.spec]
seed = 234
ruleSeed = 1
timeLimit = 183
numStrikes = 3
components = ["Maze"]
optWidgets = 2
needyTime = 60
isFront = true
timeScale = 1.0
timeStepSize = 3000

[[mission]]
mission_key = "234|1|Memory"

[mission.spec]
seed = 234
ruleSeed = 1
timeLimit = 105
numStrikes = 3
components = ["Memory"]
optWidgets = 3
needyTime = 60
isFront = true
timeScale = 1.0
timeStepSize = 3000

[[mission]]
mission_key = "234|1|Morse"

[mission.spec]
seed = 234
ruleSeed = 1
timeLimit = 144
numStrikes = 3
components = ["Morse"]
optWidgets = 1
needyTime = 60
isFront = true
timeScale = 1.0
timeStepSize = 3000

[[mission]]
mission_key = "234|1|Password"

[mission.spec]
seed = 234
ruleSeed = 1
timeLimit = 231
numStrikes = 3
components = ["Password"]
optWidgets = 2
needyTime = 60
isFront = true
timeScale = 1.0
timeStepSize = 3000

[[mission]]
mission_key = "234|1|Simon"

[mission.spec]
seed = 234
ruleSeed = 1
timeLimit = 135
numStrikes = 3
components = ["Simon"]
optWidgets = 5
needyTime = 60
isFront = true
timeScale = 1.0
timeStepSize = 3000

[[mission]]
mission_key = "234|1|Venn"

[mission.spec]
seed = 234
ruleSeed = 1
timeLimit = 126
numStrikes = 3
components = ["Venn"]
optWidgets = 2
needyTime = 60
isFront = true
timeScale = 1.0
timeStepSize = 3000

[[mission]]
mission_key = "234|1|WhosOnFirst"

[mission.spec]
seed = 234
ruleSeed = 1
timeLimit = 93
numStrikes = 3
components = ["WhosOnFirst"]
optWidgets = 5
needyTime = 60
isFront = true
timeScale = 1.0
timeStepSize = 3000

[[mission]]
mission_key = "234|1|WireSequence"

[mission.spec]
seed = 234
ruleSeed = 1
timeLimit = 135
numStrikes = 3
components = ["WireSequence"]
optWidgets = 3
needyTime = 60
isFront = true
timeScale = 1.0
timeStepSize = 3000

[[mission]]
mission_key = "234|1|Wires"

[mission.spec]
seed = 234
ruleSeed = 1
timeLimit = 81
numStrikes = 3
components = ["Wires"]
optWidgets = 2
needyTime = 60
isFront = true
timeScale = 1.0
timeStepSize = 3000

[[mission]]
mission_key = "286|1|BigButton"

[mission.spec]
seed = 286
ruleSeed = 1
timeLimit = 144
numStrikes = 3
components = ["BigButton"]
optWidgets = 2
needyTime = 60
isFront = true
timeScale = 1.0
timeStepSize = 3000

[[mission]]
mission_key = "286|1|Keypad"

[mission.spec]
seed = 286
ruleSeed = 1
timeLimit = 90
numStrikes = 3
components = ["Keypad"]
optWidgets = 3
needyTime = 60
isFront = true
timeScale = 1.0
timeStepSize = 3000

[[mission]]
mission_key = "286|1|Maze"

[mission.spec]
seed = 286
ruleSeed = 1
timeLimit = 183
numStrikes = 3
components = ["Maze"]
optWidgets = 2
needyTime = 60
isFront = true
timeScale = 1.0
timeStepSize = 3000

[[mission]]
mission_key = "286|1|Memory"

[mission.spec]
seed = 286
ruleSeed = 1
timeLimit = 105
numStrikes = 3
components = ["Memory"]
optWidgets = 4
needyTime = 60
isFront = true
timeScale = 1.0
timeStepSize = 3000

[[mission]]
mission_key = "286|1|Memory,Password,WhosOnFirst"

[mission.spec]
seed = 286
ruleSeed = 1
timeLimit = 300
numStrikes = 3
components = ["WhosOnFirst", "Memory", "Password"]
optWidgets = 5
needyTime = 60
isFront = false
timeScale = 1.0
timeStepSize = 3000

[[mission]]
mission_key = "286|1|Morse"

[mission.spec]
seed = 286
ruleSeed = 1
timeLimit = 144
numStrikes = 3
components = ["Morse"]
optWidgets = 4
needyTime = 60
isFront = true
timeScale = 1.0
timeStepSize = 3000

[[mission]]
mission_key = "286|1|Password"

[mission.spec]
seed = 286
ruleSeed = 1
timeLimit = 231
numStrikes = 3
components = ["Password"]
optWidgets = 1
needyTime = 60
isFront = true
timeScale = 1.0
timeStepSize = 3000

[[mission]]
mission_key = "286|1|Simon"

[mission.spec]
seed = 286
ruleSeed = 1
timeLimit = 135
numStrikes = 3
components = ["Simon"]
optWidgets = 5
needyTime = 60
isFront = true
timeScale = 1.0
timeStepSize = 3000

[[mission]]
mission_key = "286|1|Venn"

[mission.spec]
seed = 286
ruleSeed = 1
timeLimit = 126
numStrikes = 3
components = ["Venn"]
optWidgets = 2
needyTime = 60
isFront = true
timeScale = 1.0
timeStepSize = 3000

[[mission]]
mission_key = "286|1|WhosOnFirst"

[mission.spec]
seed = 286
ruleSeed = 1
timeLimit = 93
numStrikes = 3
components = ["WhosOnFirst"]
optWidgets = 3
needyTime = 60
isFront = true
timeScale = 1.0
timeStepSize = 3000

[[mission]]
mission_key = "286|1|WireSequence"

[mission.spec]
seed = 286
ruleSeed = 1
timeLimit = 135
numStrikes = 3
components = ["WireSequence"]
optWidgets = 4
needyTime = 60
isFront = true
timeScale = 1.0
timeStepSize = 3000

[[mission]]
mission_key = "286|1|Wires"

[mission.spec]
seed = 286
ruleSeed = 1
timeLimit = 81
numStrikes = 3
components = ["Wires"]
optWidgets = 5
needyTime = 60
isFront = true
timeScale = 1.0
timeStepSize = 3000

[[mission]]
mission_key = "337|1|BigButton"

[mission.spec]
seed = 337
ruleSeed = 1
timeLimit = 144
numStrikes = 3
components = ["BigButton"]
optWidgets = 2
needyTime = 60
isFront = true
timeScale = 1.0
timeStepSize = 3000

[[mission]]
mission_key = "337|1|BigButton,Simon,Venn"

[mission.spec]
seed = 337
ruleSeed = 1
timeLimit = 300
numStrikes = 3
components = ["BigButton", "Simon", "Venn"]
optWidgets = 5
needyTime = 60
isFront = false
timeScale = 1.0
timeStepSize = 3000

[[mission]]
mission_key = "337|1|Keypad"

[mission.spec]
seed = 337
ruleSeed = 1
timeLimit = 90
numStrikes = 3
components = ["Keypad"]
optWidgets = 1
needyTime = 60
isFront = true
timeScale = 1.0
timeStepSize = 3000

[[mission]]
mission_key = "337|1|Maze"

[mission.spec]
seed = 337
ruleSeed = 1
timeLimit = 183
numStrikes = 3
components = ["Maze"]
optWidgets = 2
needyTime = 60
isFront = true
timeScale = 1.0
timeStepSize = 3000

[[mission]]
mission_key = "337|1|Memory"

[mission.spec]
seed = 337
ruleSeed = 1
timeLimit = 105
numStrikes = 3
components = ["Memory"]
optWidgets = 2
needyTime = 60
isFront = true
timeScale = 1.0
timeStepSize = 3000

[[mission]]
mission_key = "337|1|Morse"

[mission.spec]
seed = 337
ruleSeed = 1
timeLimit = 144
numStrikes = 3
components = ["Morse"]
optWidgets = 3
needyTime = 60
isFront = true
timeScale = 1.0
timeStepSize = 3000

[[mission]]
mission_key = "337|1|Password"

[mission.spec]
seed = 337
ruleSeed = 1
timeLimit = 231
numStrikes = 3
components = ["Password"]
optWidgets = 4
needyTime = 60
isFront = true
timeScale = 1.0
timeStepSize = 3000

[[mission]]
mission_key = "337|1|Simon"

[mission.spec]
seed = 337
ruleSeed = 1
timeLimit = 135
numStrikes = 3
components = ["Simon"]
optWidgets = 3
needyTime = 60
isFront = true
timeScale = 1.0
timeStepSize = 3000

[[mission]]
mission_key = "337|1|Venn"

[mission.spec]
seed = 337
ruleSeed = 1
timeLimit = 126
numStrikes = 3
components = ["Venn"]
optWidgets = 5
needyTime = 60
isFront = true
timeScale = 1.0
timeStepSize = 3000

[[mission]]
mission_key = "337|1|WhosOnFirst"

[mission.spec]
seed = 337
ruleSeed = 1
timeLimit = 93
numStrikes = 3
components = ["WhosOnFirst"]
optWidgets = 5
needyTime = 60
isFront = true
timeScale = 1.0
timeStepSize = 3000

[[mission]]
mission_key = "337|1|WireSequence"

[mission.spec]
seed = 337
ruleSeed = 1
timeLimit = 135
numStrikes = 3
components = ["WireSequence"]
optWidgets = 4
needyTime = 60
isFront = true
timeScale = 1.0
timeStepSize = 3000

[[mission]]
mission_key = "337|1|Wires"

[mission.spec]
seed = 337
ruleSeed = 1
timeLimit = 81
numStrikes = 3
components = ["Wires"]
optWidgets = 3
needyTime = 60
isFront = true
timeScale = 1.0
timeStepSize = 3000

[[mission]]
mission_key = "412|1|Keypad,Simon,WhosOnFirst"

[mission.spec]
seed = 412
ruleSeed = 1
timeLimit = 180
numStrikes = 3
components = ["Keypad", "Simon", "WhosOnFirst"]
optWidgets = 5
needyTime = 60
isFront = false
timeScale = 1.0
timeStepSize = 3000

[[mission]]
mission_key = "526|1|Maze,Memory,Wires"

[mission.spec]
seed = 526
ruleSeed = 1
timeLimit = 180
numStrikes = 3
components = ["Wires", "Maze", "Memory"]
optWidgets = 5
needyTime = 60
isFront = false
timeScale = 1.0
timeStepSize = 3000

[[mission]]
mission_key = "561|1|BigButton"

[mission.spec]
seed = 561
ruleSeed = 1
timeLimit = 144
numStrikes = 3
components = ["BigButton"]
optWidgets = 2
needyTime = 60
isFront = true
timeScale = 1.0
timeStepSize = 3000

[[mission]]
mission_key = "561|1|Keypad"

[mission.spec]
seed = 561
ruleSeed = 1
timeLimit = 90
numStrikes = 3
components = ["Keypad"]
optWidgets = 4
needyTime = 60
isFront = true
timeScale = 1.0
timeStepSize = 3000

[[mission]]
mission_key = "561|1|Maze"

[mission.spec]
seed = 561
ruleSeed = 1
timeLimit = 183
numStrikes = 3
components = ["Maze"]
optWidgets = 1
needyTime = 60
isFront = true
timeScale = 1.0
timeStepSize = 3000

[[mission]]
mission_key = "561|1|Memory"

[mission.spec]
seed = 561
ruleSeed = 1
timeLimit = 105
numStrikes = 3
components = ["Memory"]
optWidgets = 4
needyTime = 60
isFront = true
timeScale = 1.0
timeStepSize = 3000

[[mission]]
mission_key = "561|1|Morse"

[mission.spec]
seed = 561
ruleSeed = 1
timeLimit = 144
numStrikes = 3
components = ["Morse"]
optWidgets = 4
needyTime = 60
isFront = true
timeScale = 1.0
timeStepSize = 3000

[[mission]]
mission_key = "561|1|Password"

[mission.spec]
seed = 561
ruleSeed = 1
timeLimit = 231
numStrikes = 3
components = ["Password"]
optWidgets = 1
needyTime = 60
isFront = true
timeScale = 1.0
timeStepSize = 3000

[[mission]]
mission_key = "561|1|Simon"

[mission.spec]
seed = 561
ruleSeed = 1
timeLimit = 135
numStrikes = 3
components = ["Simon"]
optWidgets = 4
needyTime = 60
isFront = true
timeScale = 1.0
timeStepSize = 3000

[[mission]]
mission_key = "561|1|Venn"

[mission.spec]
seed = 561
ruleSeed = 1
timeLimit = 126
numStrikes = 3
components = ["Venn"]
optWidgets = 4
needyTime = 60
isFront = true
timeScale = 1.0
timeStepSize = 3000

[[mission]]
mission_key = "561|1|WhosOnFirst"

[mission.spec]
seed = 561
ruleSeed = 1
timeLimit = 93
numStrikes = 3
components = ["WhosOnFirst"]
optWidgets = 2
needyTime = 60
isFront = true
timeScale = 1.0
timeStepSize = 3000

[[mission]]
mission_key = "561|1|WireSequence"

[mission.spec]
seed = 561
ruleSeed = 1
timeLimit = 135
numStrikes = 3
components = ["WireSequence"]
optWidgets = 4
needyTime = 60
isFront = true
timeScale = 1.0
timeStepSize = 3000

[[mission]]
mission_key = "561|1|Wires"

[mission.spec]
seed = 561
ruleSeed = 1
timeLimit = 81
numStrikes = 3
components = ["Wires"]
optWidgets = 2
needyTime = 60
isFront = true
timeScale = 1.0
timeStepSize = 3000

[[mission]]
mission_key = "563|1|BigButton"

[mission.spec]
seed = 563
ruleSeed = 1
timeLimit = 144
numStrikes = 3
components = ["BigButton"]
optWidgets = 2
needyTime = 60
isFront = true
timeScale = 1.0
timeStepSize = 3000

[[mission]]
mission_key = "563|1|Keypad"

[mission.spec]
seed = 563
ruleSeed = 1
timeLimit = 90
numStrikes = 3
components = ["Keypad"]
optWidgets = 1
needyTime = 60
isFront = true
timeScale = 1.0
timeStepSize = 3000

[[mission]]
mission_key = "563|1|Maze"

[mission.spec]
seed = 563
ruleSeed = 1
timeLimit = 183
numStrikes = 3
components = ["Maze"]
optWidgets = 1
needyTime = 60
isFront = true
timeScale = 1.0
timeStepSize = 3000

[[mission]]
mission_key = "563|1|Memory"

[mission.spec]
seed = 563
ruleSeed = 1
timeLimit = 105
numStrikes = 3
components = ["Memory"]
optWidgets = 5
needyTime = 60
isFront = true
timeScale = 1.0
timeStepSize = 3000

[[mission]]
mission_key = "563|1|Morse"

[mission.spec]
seed = 563
ruleSeed = 1
timeLimit = 144
numStrikes = 3
components = ["Morse"]
optWidgets = 3
needyTime = 60
isFront = true
timeScale = 1.0
timeStepSize = 3000

[[mission]]
mission_key = "563|1|Password"

[mission.spec]
seed = 563
ruleSeed = 1
timeLimit = 231
numStrikes = 3
components = ["Password"]
optWidgets = 5
needyTime = 60
isFront = true
timeScale = 1.0
timeStepSize = 3000

[[mission]]
mission_key = "563|1|Simon"

[mission.spec]
seed = 563
ruleSeed = 1
timeLimit = 135
numStrikes = 3
components = ["Simon"]
optWidgets = 4
needyTime = 60
isFront = true
timeScale = 1.0
timeStepSize = 3000

[[mission]]
mission_key = "563|1|Venn"

[mission.spec]
seed = 563
ruleSeed = 1
timeLimit = 126
numStrikes = 3
components = ["Venn"]
optWidgets = 4
needyTime = 60
isFront = true
timeScale = 1.0
timeStepSize = 3000

[[mission]]
mission_key = "563|1|WhosOnFirst"

[mission.spec]
seed = 563
ruleSeed = 1
timeLimit = 93
numStrikes = 3
components = ["WhosOnFirst"]
optWidgets = 5
needyTime = 60
isFront = true
timeScale = 1.0
timeStepSize = 3000

[[mission]]
mission_key = "563|1|WireSequence"

[mission.spec]
seed = 563
ruleSeed = 1
timeLimit = 135
numStrikes = 3
components = ["WireSequence"]
optWidgets = 2
needyTime = 60
isFront = true
timeScale = 1.0
timeStepSize = 3000

[[mission]]
mission_key = "563|1|Wires"

[mission.spec]
seed = 563
ruleSeed = 1
timeLimit = 81
numStrikes = 3
components = ["Wires"]
optWidgets = 1
needyTime = 60
isFront = true
timeScale = 1.0
timeStepSize = 3000

[[mission]]
mission_key = "619|1|BigButton,Memory,WhosOnFirst"

[mission.spec]
seed = 619
ruleSeed = 1
timeLimit = 180
numStrikes = 3
components = ["BigButton", "Memory", "WhosOnFirst"]
optWidgets = 5
needyTime = 60
isFront = false
timeScale = 1.0
timeStepSize = 3000

[[mission]]
mission_key = "798|1|BigButton"

[mission.spec]
seed = 798
ruleSeed = 1
timeLimit = 144
numStrikes = 3
components = ["BigButton"]
optWidgets = 3
needyTime = 60
isFront = true
timeScale = 1.0
timeStepSize = 3000

[[mission]]
mission_key = "798|1|BigButton,Keypad,Memory,Wires"

[mission.spec]
seed = 798
ruleSeed = 1
timeLimit = 300
numStrikes = 3
components = ["Wires", "BigButton", "Keypad", "Memory"]
optWidgets = 5
needyTime = 60
isFront = false
timeScale = 1.0
timeStepSize = 3000

[[mission]]
mission_key = "798|1|Keypad"

[mission.spec]
seed = 798
ruleSeed = 1
timeLimit = 90
numStrikes = 3
components = ["Keypad"]
optWidgets = 2
needyTime = 60
isFront = true
timeScale = 1.0
timeStepSize = 3000

[[mission]]
mission_key = "798|1|Maze"

[mission.spec]
seed = 798
ruleSeed = 1
timeLimit = 183
numStrikes = 3
components = ["Maze"]
optWidgets = 2
needyTime = 60
isFront = true
timeScale = 1.0
timeStepSize = 3000

[[mission]]
mission_key = "798|1|Memory"

[mission.spec]
seed = 798
ruleSeed = 1
timeLimit = 105
numStrikes = 3
components = ["Memory"]
optWidgets = 4
needyTime = 60
isFront = true
timeScale = 1.0
timeStepSize = 3000

[[mission]]
mission_key = "798|1|Morse"

[mission.spec]
seed = 798
ruleSeed = 1
timeLimit = 144
numStrikes = 3
components = ["Morse"]
optWidgets = 2
needyTime = 60
isFront = true
timeScale = 1.0
timeStepSize = 3000

[[mission]]
mission_key = "798|1|Password"

[mission.spec]
seed = 798
ruleSeed = 1
timeLimit = 231
numStrikes = 3
components = ["Password"]
optWidgets = 2
needyTime = 60
isFront = true
timeScale = 1.0
timeStepSize = 3000

[[mission]]
mission_key = "798|1|Simon"

[mission.spec]
seed = 798
ruleSeed = 1
timeLimit = 135
numStrikes = 3
components = ["Simon"]
optWidgets = 5
needyTime = 60
isFront = true
timeScale = 1.0
timeStepSize = 3000

[[mission]]
mission_key = "798|1|Venn"

[mission.spec]
seed = 798
ruleSeed = 1
timeLimit = 126
numStrikes = 3
components = ["Venn"]
optWidgets = 1
needyTime = 60
isFront = true
timeScale = 1.0
timeStepSize = 3000

[[mission]]
mission_key = "798|1|WhosOnFirst"

[mission.spec]
seed = 798
ruleSeed = 1
timeLimit = 93
numStrikes = 3
components = ["WhosOnFirst"]
optWidgets = 2
needyTime = 60
isFront = true
timeScale = 1.0
timeStepSize = 3000

[[mission]]
mission_key = "798|1|WireSequence"

[mission.spec]
seed = 798
ruleSeed = 1
timeLimit = 135
numStrikes = 3
components = ["WireSequence"]
optWidgets = 2
needyTime = 60
isFront = true
timeScale = 1.0
timeStepSize = 3000

[[mission]]
mission_key = "798|1|Wires"

[mission.spec]
seed = 798
ruleSeed = 1
timeLimit = 81
numStrikes = 3
components = ["Wires"]
optWidgets = 2
needyTime = 60
isFront = true
timeScale = 1.0
timeStepSize = 3000

[[mission]]
mission_key = "813|1|BigButton"

[mission.spec]
seed = 813
ruleSeed = 1
timeLimit = 144
numStrikes = 3
components = ["BigButton"]
optWidgets = 3
needyTime = 60
isFront = true
timeScale = 1.0
timeStepSize = 3000

[[mission]]
mission_key = "813|1|Keypad"

[mission.spec]
seed = 813
ruleSeed = 1
timeLimit = 90
numStrikes = 3
components = ["Keypad"]
optWidgets = 2
needyTime = 60
isFront = true
timeScale = 1.0
timeStepSize = 3000

[[mission]]
mission_key = "813|1|Maze"

[mission.spec]
seed = 813
ruleSeed = 1
timeLimit = 183
numStrikes = 3
components = ["Maze"]
optWidgets = 5
needyTime = 60
isFront = true
timeScale = 1.0
timeStepSize = 3000

[[mission]]
mission_key = "813|1|Memory"

[mission.spec]
seed = 813
ruleSeed = 1
timeLimit = 105
numStrikes = 3
components = ["Memory"]
optWidgets = 3
needyTime = 60
isFront = true
timeScale = 1.0
timeStepSize = 3000

[[mission]]
mission_key = "813|1|Morse"

[mission.spec]
seed = 813
ruleSeed = 1
timeLimit = 144
numStrikes = 3
components = ["Morse"]
optWidgets = 4
needyTime = 60
isFront = true
timeScale = 1.0
timeStepSize = 3000

[[mission]]
mission_key = "813|1|Password"

[mission.spec]
seed = 813
ruleSeed = 1
timeLimit = 231
numStrikes = 3
components = ["Password"]
optWidgets = 1
needyTime = 60
isFront = true
timeScale = 1.0
timeStepSize = 3000

[[mission]]
mission_key = "813|1|Simon"

[mission.spec]
seed = 813
ruleSeed = 1
timeLimit = 135
numStrikes = 3
components = ["Simon"]
optWidgets = 3
needyTime = 60
isFront = true
timeScale = 1.0
timeStepSize = 3000

[[mission]]
mission_key = "813|1|Venn"

[mission.spec]
seed = 813
ruleSeed = 1
timeLimit = 126
numStrikes = 3
components = ["Venn"]
optWidgets = 2
needyTime = 60
isFront = true
timeScale = 1.0
timeStepSize = 3000

[[mission]]
mission_key = "813|1|WhosOnFirst"

[mission.spec]
seed = 813
ruleSeed = 1
timeLimit = 93
numStrikes = 3
components = ["WhosOnFirst"]
optWidgets = 1
needyTime = 60
isFront = true
timeScale = 1.0
timeStepSize = 3000

[[mission]]
mission_key = "813|1|WireSequence"

[mission.spec]
seed = 813
ruleSeed = 1
timeLimit = 135
numStrikes = 3
components = ["WireSequence"]
optWidgets = 5
needyTime = 60
isFront = true
timeScale = 1.0
timeStepSize = 3000

[[mission]]
mission_key = "813|1|Wires"

[mission.spec]
seed = 813
ruleSeed = 1
timeLimit = 81
numStrikes = 3
components = ["Wires"]
optWidgets = 2
needyTime = 60
isFront = true
timeScale = 1.0
timeStepSize = 3000

[[mission]]
mission_key = "845|1|BigButton"

[mission.spec]
seed = 845
ruleSeed = 1
timeLimit = 144
numStrikes = 3
components = ["BigButton"]
optWidgets = 2
needyTime = 60
isFront = true
timeScale = 1.0
timeStepSize = 3000

[[mission]]
mission_key = "845|1|Keypad"

[mission.spec]
seed = 845
ruleSeed = 1
timeLimit = 90
numStrikes = 3
components = ["Keypad"]
optWidgets = 3
needyTime = 60
isFront = true
timeScale = 1.0
timeStepSize = 3000

[[mission]]
mission_key = "845|1|Maze"

[mission.spec]
seed = 845
ruleSeed = 1
timeLimit = 183
numStrikes = 3
components = ["Maze"]
optWidgets = 1
needyTime = 60
isFront = true
timeScale = 1.0
timeStepSize = 3000

[[mission]]
mission_key = "845|1|Memory"

[mission.spec]
seed = 845
ruleSeed = 1
timeLimit = 105
numStrikes = 3
components = ["Memory"]
optWidgets = 3
needyTime = 60
isFront = true
timeScale = 1.0
timeStepSize = 3000

[[mission]]
mission_key = "845|1|Morse"

[mission.spec]
seed = 845
ruleSeed = 1
timeLimit = 144
numStrikes = 3
components = ["Morse"]
optWidgets = 2
needyTime = 60
isFront = true
timeScale = 1.0
timeStepSize = 3000

[[mission]]
mission_key = "845|1|Password"

[mission.spec]
seed = 845
ruleSeed = 1
timeLimit = 231
numStrikes = 3
components = ["Password"]
optWidgets = 5
needyTime = 60
isFront = true
timeScale = 1.0
timeStepSize = 3000

[[mission]]
mission_key = "845|1|Simon"

[mission.spec]
seed = 845
ruleSeed = 1
timeLimit = 135
numStrikes = 3
components = ["Simon"]
optWidgets = 2
needyTime = 60
isFront = true
timeScale = 1.0
timeStepSize = 3000

[[mission]]
mission_key = "845|1|Venn"

[mission.spec]
seed = 845
ruleSeed = 1
timeLimit = 126
numStrikes = 3
components = ["Venn"]
optWidgets = 1
needyTime = 60
isFront = true
timeScale = 1.0
timeStepSize = 3000

[[mission]]
mission_key = "845|1|WhosOnFirst"

[mission.spec]
seed = 845
ruleSeed = 1
timeLimit = 93
numStrikes = 3
components = ["WhosOnFirst"]
optWidgets = 5
needyTime = 60
isFront = true
timeScale = 1.0
timeStepSize = 3000

[[mission]]
mission_key = "845|1|WireSequence"

[mission.spec]
seed = 845
ruleSeed = 1
timeLimit = 135
numStrikes = 3
components = ["WireSequence"]
optWidgets = 3
needyTime = 60
isFront = true
timeScale = 1.0
timeStepSize = 3000

[[mission]]
mission_key = "845|1|Wires"

[mission.spec]
seed = 845
ruleSeed = 1
timeLimit = 81
numStrikes = 3
components = ["Wires"]
optWidgets = 3
needyTime = 60
isFront = true
timeScale = 1.0
timeStepSize = 3000

[[mission]]
mission_key = "849|1|BigButton"

[mission.spec]
seed = 849
ruleSeed = 1
timeLimit = 144
numStrikes = 3
components = ["BigButton"]
optWidgets = 5
needyTime = 60
isFront = true
timeScale = 1.0
timeStepSize = 3000

[[mission]]
mission_key = "849|1|Keypad"

[mission.spec]
seed = 849
ruleSeed = 1
timeLimit = 90
numStrikes = 3
components = ["Keypad"]
optWidgets = 4
needyTime = 60
isFront = true
timeScale = 1.0
timeStepSize = 3000

[[mission]]
mission_key = "849|1|Maze"

[mission.spec]
seed = 849
ruleSeed = 1
timeLimit = 183
numStrikes = 3
components = ["Maze"]
optWidgets = 4
needyTime = 60
isFront = true
timeScale = 1.0
timeStepSize = 3000

[[mission]]
mission_key = "849|1|Memory"

[mission.spec]
seed = 849
ruleSeed = 1
timeLimit = 105
numStrikes = 3
components = ["Memory"]
optWidgets = 2
needyTime = 60
isFront = true
timeScale = 1.0
timeStepSize = 3000

[[mission]]
mission_key = "849|1|Morse"

[mission.spec]
seed = 849
ruleSeed = 1
timeLimit = 144
numStrikes = 3
components = ["Morse"]
optWidgets = 1
needyTime = 60
isFront = true
timeScale = 1.0
timeStepSize = 3000

[[mission]]
mission_key = "849|1|Password"

[mission.spec]
seed = 849
ruleSeed = 1
timeLimit = 231
numStrikes = 3
components = ["Password"]
optWidgets = 2
needyTime = 60
isFront = true
timeScale = 1.0
timeStepSize = 3000

[[mission]]
mission_key = "849|1|Simon"

[mission.spec]
seed = 849
ruleSeed = 1
timeLimit = 135
numStrikes = 3
components = ["Simon"]
optWidgets = 2
needyTime = 60
isFront = true
timeScale = 1.0
timeStepSize = 3000

[[mission]]
mission_key = "849|1|Venn"

[mission.spec]
seed = 849
ruleSeed = 1
timeLimit = 126
numStrikes = 3
components = ["Venn"]
optWidgets = 1
needyTime = 60
isFront = true
timeScale = 1.0
timeStepSize = 3000

[[mission]]
mission_key = "849|1|WhosOnFirst"

[mission.spec]
seed = 849
ruleSeed = 1
timeLimit = 93
numStrikes = 3
components = ["WhosOnFirst"]
optWidgets = 5
needyTime = 60
isFront = true
timeScale = 1.0
timeStepSize = 3000

[[mission]]
mission_key = "849|1|WireSequence"

[mission.spec]
seed = 849
ruleSeed = 1
timeLimit = 135
numStrikes = 3
components = ["WireSequence"]
optWidgets = 5
needyTime = 60
isFront = true
timeScale = 1.0
timeStepSize = 3000

[[mission]]
mission_key = "849|1|Wires"

[mission.spec]
seed = 849
ruleSeed = 1
timeLimit = 81
numStrikes = 3
components = ["Wires"]
optWidgets = 1
needyTime = 60
isFront = true
timeScale = 1.0
timeStepSize = 3000

[[mission]]
mission_key = "851|1|Keypad,Simon,WhosOnFirst,Wires"

[mission.spec]
seed = 851
ruleSeed = 1
timeLimit = 300
numStrikes = 3
components = ["Wires", "Keypad", "Simon", "WhosOnFirst"]
optWidgets = 5
needyTime = 60
isFront = false
timeScale = 1.0
timeStepSize = 3000

[[mission]]
mission_key = "960|1|BigButton"

[mission.spec]
seed = 960
ruleSeed = 1
timeLimit = 144
numStrikes = 3
components = ["BigButton"]
optWidgets = 2
needyTime = 60
isFront = true
timeScale = 1.0
timeStepSize = 3000

[[mission]]
mission_key = "960|1|Keypad"

[mission.spec]
seed = 960
ruleSeed = 1
timeLimit = 90
numStrikes = 3
components = ["Keypad"]
optWidgets = 1
needyTime = 60
isFront = true
timeScale = 1.0
timeStepSize = 3000

[[mission]]
mission_key = "960|1|Maze"

[mission.spec]
seed = 960
ruleSeed = 1
timeLimit = 183
numStrikes = 3
components = ["Maze"]
optWidgets = 5
needyTime = 60
isFront = true
timeScale = 1.0
timeStepSize = 3000

[[mission]]
mission_key = "960|1|Memory"

[mission.spec]
seed = 960
ruleSeed = 1
timeLimit = 105
numStrikes = 3
components = ["Memory"]
optWidgets = 5
needyTime = 60
isFront = true
timeScale = 1.0
timeStepSize = 3000

[[mission]]
mission_key = "960|1|Morse"

[mission.spec]
seed = 960
ruleSeed = 1
timeLimit = 144
numStrikes = 3
components = ["Morse"]
optWidgets = 2
needyTime = 60
isFront = true
timeScale = 1.0
timeStepSize = 3000

[[mission]]
mission_key = "960|1|Password"

[mission.spec]
seed = 960
ruleSeed = 1
timeLimit = 231
numStrikes = 3
components = ["Password"]
optWidgets = 5
needyTime = 60
isFront = true
timeScale = 1.0
timeStepSize = 3000

[[mission]]
mission_key = "960|1|Simon"

[mission.spec]
seed = 960
ruleSeed = 1
timeLimit = 135
numStrikes = 3
components = ["Simon"]
optWidgets = 1
needyTime = 60
isFront = true
timeScale = 1.0
timeStepSize = 3000

[[mission]]
mission_key = "960|1|Venn"

[mission.spec]
seed = 960
ruleSeed = 1
timeLimit = 126
numStrikes = 3
components = ["Venn"]
optWidgets = 1
needyTime = 60
isFront = true
timeScale = 1.0
timeStepSize = 3000

[[mission]]
mission_key = "960|1|WhosOnFirst"

[mission.spec]
seed = 960
ruleSeed = 1
timeLimit = 93
numStrikes = 3
components = ["WhosOnFirst"]
optWidgets = 4
needyTime = 60
isFront = true
timeScale = 1.0
timeStepSize = 3000

[[mission]]
mission_key = "960|1|WireSequence"

[mission.spec]
seed = 960
ruleSeed = 1
timeLimit = 135
numStrikes = 3
components = ["WireSequence"]
optWidgets = 1
needyTime = 60
isFront = true
timeScale = 1.0
timeStepSize = 3000

[[mission]]
mission_key = "960|1|Wires"

[mission.spec]
seed = 960
ruleSeed = 1
timeLimit = 81
numStrikes = 3
components = ["Wires"]
optWidgets = 2
needyTime = 60
isFront = true
timeScale = 1.0
timeStepSize = 3000

[[mission]]
mission_key = "990|1|Morse,Venn,WhosOnFirst,Wires"

[mission.spec]
seed = 990
ruleSeed = 1
timeLimit = 300
numStrikes = 3
components = ["Morse", "Venn", "WhosOnFirst", "Wires"]
optWidgets = 5
needyTime = 60
isFront = false
timeScale = 1.0
timeStepSize = 3000
